{
  "version": 4,
  "terraform_version": "1.5.3",
  "serial": 3,
  "lineage": "1d34bf50-d823-2b83-b278-e073b69b0213",
  "outputs": {},
  "resources": [
    {
      "mode": "managed",
      "type": "env_variable",
      "name": "test",
      "provider": "provider[\"registry.terraform.io/tchupp/env\"]",
      "instances": [
        {
          "schema_version": 0,
          "attributes": {
            "id": "07ec30c9d869e0f6392f",
            "name": "07ec30c9d869e0f6392f",
            "value": ""
          },
          "sensitive_attributes": [],
          "private": "bnVsbA==",
          "dependencies": [
            "random_id.test"
          ]
        }
      ]
    },
    {
      "mode": "managed",
      "type": "random_id",
      "name": "test",
      "provider": "provider[\"registry.terraform.io/hashicorp/random\"]",
      "instances": [
        {
          "schema_version": 0,
          "attributes": {
            "b64_std": "B+wwydhp4PY5Lw==",
            "b64_url": "B-wwydhp4PY5Lw",
            "byte_length": 10,
            "dec": "37413512560416367458607",
            "hex": "07ec30c9d869e0f6392f",
            "id": "B-wwydhp4PY5Lw",
            "keepers": null,
            "prefix": null
          },
          "sensitive_attributes": []
        }
      ]
    }
  ],
  "check_results": null
}
