{
  "version": 4,
  "terraform_version": "1.5.3",
  "serial": 3,
  "lineage": "dc23aa52-bb4e-e4f3-e6e1-fdd58d30b617",
  "outputs": {},
  "resources": [
    {
      "mode": "managed",
      "type": "env_variable",
      "name": "test",
      "provider": "provider[\"registry.terraform.io/tchupp/env\"]",
      "instances": [
        {
          "schema_version": 0,
          "attributes": {
            "id": "a83e0c130b497933b0aa",
            "name": "a83e0c130b497933b0aa",
            "value": ""
          },
          "sensitive_attributes": [],
          "private": "bnVsbA==",
          "dependencies": [
            "random_id.test"
          ]
        }
      ]
    },
    {
      "mode": "managed",
      "type": "random_id",
      "name": "test",
      "provider": "provider[\"registry.terraform.io/hashicorp/random\"]",
      "instances": [
        {
          "schema_version": 0,
          "attributes": {
            "b64_std": "qD4MEwtJeTOwqg==",
            "b64_url": "qD4MEwtJeTOwqg",
            "byte_length": 10,
            "dec": "794502137306233594687658",
            "hex": "a83e0c130b497933b0aa",
            "id": "qD4MEwtJeTOwqg",
            "keepers": null,
            "prefix": null
          },
          "sensitive_attributes": []
        }
      ]
    }
  ],
  "check_results": null
}
