{
  "version": 4,
  "terraform_version": "1.1.2",
  "serial": 9,
  "lineage": "4898dd96-635c-d2d6-324c-c44dfb1ba7b4",
  "outputs": {},
  "resources": [
    {
      "mode": "managed",
      "type": "env_variable",
      "name": "test1",
      "provider": "provider[\"registry.terraform.io/tchupp/env\"]",
      "instances": [
        {
          "schema_version": 0,
          "attributes": {
            "id": "test1",
            "name": "test1",
            "value": ""
          },
          "sensitive_attributes": [],
          "private": "bnVsbA=="
        }
      ]
    },
    {
      "mode": "managed",
      "type": "env_variable",
      "name": "test2",
      "provider": "provider[\"registry.terraform.io/tchupp/env\"]",
      "instances": [
        {
          "schema_version": 0,
          "attributes": {
            "id": "test2",
            "name": "test2",
            "value": ""
          },
          "sensitive_attributes": [],
          "private": "bnVsbA=="
        }
      ]
    },
    {
      "mode": "managed",
      "type": "env_variable",
      "name": "test3",
      "provider": "provider[\"registry.terraform.io/tchupp/env\"]",
      "instances": [
        {
          "schema_version": 0,
          "attributes": {
            "id": "test3",
            "name": "test3",
            "value": ""
          },
          "sensitive_attributes": [],
          "private": "bnVsbA=="
        }
      ]
    },
    {
      "mode": "managed",
      "type": "random_id",
      "name": "test4",
      "provider": "provider[\"registry.terraform.io/hashicorp/random\"]",
      "instances": [
        {
          "schema_version": 0,
          "attributes": {
            "b64_std": "m6S5W82/OFA=",
            "b64_url": "m6S5W82_OFA",
            "byte_length": 8,
            "dec": "11215292776004401232",
            "hex": "9ba4b95bcdbf3850",
            "id": "m6S5W82_OFA",
            "keepers": null,
            "prefix": null
          },
          "sensitive_attributes": [],
          "private": "bnVsbA=="
        }
      ]
    }
  ]
}
