{
  "version": 4,
  "terraform_version": "1.1.2",
  "serial": 1,
  "lineage": "abf3bea5-816d-fb63-b04b-56ed363ae8e3",
  "outputs": {},
  "resources": [
    {
      "mode": "managed",
      "type": "random_id",
      "name": "test",
      "provider": "provider[\"registry.terraform.io/hashicorp/random\"]",
      "instances": [
        {
          "schema_version": 0,
          "attributes": {
            "b64_std": "qddo6VPNl1g=",
            "b64_url": "qddo6VPNl1g",
            "byte_length": 8,
            "dec": "12238365863745263448",
            "hex": "a9d768e953cd9758",
            "id": "qddo6VPNl1g",
            "keepers": null,
            "prefix": null
          },
          "sensitive_attributes": [],
          "private": "bnVsbA=="
        }
      ]
    }
  ]
}
